
Microsoft Visual Studio Solution File, Format Version 12.00
# Visual Studio 15
VisualStudioVersion = 15.0.27130.2020
MinimumVisualStudioVersion = 10.0.40219.1
Project("{FAE04EC0-301F-11D3-BF4B-00C04F79EFBC}") = "NovoIntegraInterface", "NovoIntegraInterface\NovoIntegraInterface.csproj", "{D59937C1-C510-43C8-962A-5609E683A176}"
EndProject
Project("{2150E333-8FDC-42A3-9474-1A3956D46DE8}") = "1 - Presentation", "1 - Presentation", "{2BD4CE6E-78D9-4D60-9A92-C4EB792FEC5D}"
EndProject
Project("{2150E333-8FDC-42A3-9474-1A3956D46DE8}") = "2 - Domain", "2 - Domain", "{ED4E366D-187B-4056-A7CB-1F02370C4A2A}"
EndProject
Project("{2150E333-8FDC-42A3-9474-1A3956D46DE8}") = "3 - Infra", "3 - Infra", "{1CBA1995-F9A6-4BB7-9F38-ABB384107BD1}"
EndProject
Project("{2150E333-8FDC-42A3-9474-1A3956D46DE8}") = "CrossCutting", "CrossCutting", "{FE254FD6-5DB9-43C4-90CA-4ED9B4F9C3EB}"
EndProject
Project("{FAE04EC0-301F-11D3-BF4B-00C04F79EFBC}") = "NovoIntegra.EventStore.DataSql", "NovoIntegra.EventStore.DataSql\NovoIntegra.EventStore.DataSql.csproj", "{ADEB7FDC-03F9-4E39-B80B-8440AE1A8587}"
EndProject
Project("{FAE04EC0-301F-11D3-BF4B-00C04F79EFBC}") = "NovoIntegra.Infra.CrossCutting.Connections", "NovoIntegra.CrossCutting.Connections\NovoIntegra.Infra.CrossCutting.Connections.csproj", "{55C29572-1D11-4367-A085-892E70381E35}"
EndProject
Project("{FAE04EC0-301F-11D3-BF4B-00C04F79EFBC}") = "NovoIntegra.Infra.CrossCutting.IoC", "NovoIntegra.Infra.CrossCutting.IoC\NovoIntegra.Infra.CrossCutting.IoC.csproj", "{A5A9BED4-8404-4321-B441-57CDA187FC39}"
EndProject
Project("{FAE04EC0-301F-11D3-BF4B-00C04F79EFBC}") = "NovoIntera.Infra.CrossCutting.Services", "NovoIntera.Infra.CrossCutting.Services\NovoIntera.Infra.CrossCutting.Services.csproj", "{3FDA85E0-1362-4223-A8E6-519EE749812F}"
EndProject
Project("{2150E333-8FDC-42A3-9474-1A3956D46DE8}") = "Application", "Application", "{08953BBC-5027-4605-BEA7-B49123AF09E1}"
EndProject
Project("{2150E333-8FDC-42A3-9474-1A3956D46DE8}") = "Core", "Core", "{F0D59C23-77E5-4023-9454-D7FE03F9428F}"
EndProject
Project("{2150E333-8FDC-42A3-9474-1A3956D46DE8}") = "Documento", "Documento", "{EF4E2E26-8BD5-4529-A273-EBE44B5ABB5D}"
EndProject
Project("{FAE04EC0-301F-11D3-BF4B-00C04F79EFBC}") = "NovoIntegra.Core.Domain", "NovoIntegra.Core.Domain\NovoIntegra.Core.Domain.csproj", "{807CEB54-AB84-4679-8D70-8F039BE9D62E}"
EndProject
Project("{FAE04EC0-301F-11D3-BF4B-00C04F79EFBC}") = "NovoIntegra.Core.Infra.Data", "NovoIntegra.Core.Infra.Data\NovoIntegra.Core.Infra.Data.csproj", "{DAC19A29-1621-4AE2-96CA-2FF56605EEDF}"
EndProject
Project("{FAE04EC0-301F-11D3-BF4B-00C04F79EFBC}") = "NovoIntegra.Core.Domain.Tests", "NovoIntegra.Core.Domain.Tests\NovoIntegra.Core.Domain.Tests.csproj", "{C9AB2800-E66F-4DA2-B33F-242A57EBF3F2}"
EndProject
Project("{FAE04EC0-301F-11D3-BF4B-00C04F79EFBC}") = "NovoIntegra.Documento.Domain", "NovoIntegra.Documento.Domain\NovoIntegra.Documento.Domain.csproj", "{FB9D2032-201C-4346-BF89-4700682FB93A}"
EndProject
Project("{FAE04EC0-301F-11D3-BF4B-00C04F79EFBC}") = "NovoIntegra.Documento.Infra.Data", "NovoIntegra.Documento.Infra.Data\NovoIntegra.Documento.Infra.Data.csproj", "{A535DEC0-28EC-419F-8546-D8C00ED7869D}"
EndProject
Project("{FAE04EC0-301F-11D3-BF4B-00C04F79EFBC}") = "NovoIntegra.Documento.Domain.Tests", "NovoIntegra.Documento.Domain.Tests\NovoIntegra.Documento.Domain.Tests.csproj", "{B240294C-812C-4D66-9DE6-22575C21E701}"
EndProject
Project("{FAE04EC0-301F-11D3-BF4B-00C04F79EFBC}") = "NovoIntegra.Application", "NovaIntegra.Application\NovoIntegra.Application.csproj", "{EA8C516C-FDEB-45BE-9BA0-1DA957A7578F}"
EndProject
Project("{FAE04EC0-301F-11D3-BF4B-00C04F79EFBC}") = "NovoIntegra.Application.Tests", "NovoIntegra.Application.Tests\NovoIntegra.Application.Tests.csproj", "{31572931-77B8-4E2C-8BF1-C0C1EB80A359}"
EndProject
Project("{FAE04EC0-301F-11D3-BF4B-00C04F79EFBC}") = "NovoIntegra", "NovoIntegra\NovoIntegra.csproj", "{BB1CBE9A-0A47-450A-954F-D6A51317B429}"
EndProject
Project("{2150E333-8FDC-42A3-9474-1A3956D46DE8}") = "4 - Setup", "4 - Setup", "{AE298C1B-D1E9-4B6F-A47D-430AA9A9344B}"
EndProject
Global
	GlobalSection(SolutionConfigurationPlatforms) = preSolution
		Debug|Any CPU = Debug|Any CPU
		Release|Any CPU = Release|Any CPU
	EndGlobalSection
	GlobalSection(ProjectConfigurationPlatforms) = postSolution
		{D59937C1-C510-43C8-962A-5609E683A176}.Debug|Any CPU.ActiveCfg = Debug|Any CPU
		{D59937C1-C510-43C8-962A-5609E683A176}.Debug|Any CPU.Build.0 = Debug|Any CPU
		{D59937C1-C510-43C8-962A-5609E683A176}.Release|Any CPU.ActiveCfg = Release|Any CPU
		{D59937C1-C510-43C8-962A-5609E683A176}.Release|Any CPU.Build.0 = Release|Any CPU
		{ADEB7FDC-03F9-4E39-B80B-8440AE1A8587}.Debug|Any CPU.ActiveCfg = Debug|Any CPU
		{ADEB7FDC-03F9-4E39-B80B-8440AE1A8587}.Debug|Any CPU.Build.0 = Debug|Any CPU
		{ADEB7FDC-03F9-4E39-B80B-8440AE1A8587}.Release|Any CPU.ActiveCfg = Release|Any CPU
		{ADEB7FDC-03F9-4E39-B80B-8440AE1A8587}.Release|Any CPU.Build.0 = Release|Any CPU
		{55C29572-1D11-4367-A085-892E70381E35}.Debug|Any CPU.ActiveCfg = Debug|Any CPU
		{55C29572-1D11-4367-A085-892E70381E35}.Debug|Any CPU.Build.0 = Debug|Any CPU
		{55C29572-1D11-4367-A085-892E70381E35}.Release|Any CPU.ActiveCfg = Release|Any CPU
		{55C29572-1D11-4367-A085-892E70381E35}.Release|Any CPU.Build.0 = Release|Any CPU
		{A5A9BED4-8404-4321-B441-57CDA187FC39}.Debug|Any CPU.ActiveCfg = Debug|Any CPU
		{A5A9BED4-8404-4321-B441-57CDA187FC39}.Debug|Any CPU.Build.0 = Debug|Any CPU
		{A5A9BED4-8404-4321-B441-57CDA187FC39}.Release|Any CPU.ActiveCfg = Release|Any CPU
		{A5A9BED4-8404-4321-B441-57CDA187FC39}.Release|Any CPU.Build.0 = Release|Any CPU
		{3FDA85E0-1362-4223-A8E6-519EE749812F}.Debug|Any CPU.ActiveCfg = Debug|Any CPU
		{3FDA85E0-1362-4223-A8E6-519EE749812F}.Debug|Any CPU.Build.0 = Debug|Any CPU
		{3FDA85E0-1362-4223-A8E6-519EE749812F}.Release|Any CPU.ActiveCfg = Release|Any CPU
		{3FDA85E0-1362-4223-A8E6-519EE749812F}.Release|Any CPU.Build.0 = Release|Any CPU
		{807CEB54-AB84-4679-8D70-8F039BE9D62E}.Debug|Any CPU.ActiveCfg = Debug|Any CPU
		{807CEB54-AB84-4679-8D70-8F039BE9D62E}.Debug|Any CPU.Build.0 = Debug|Any CPU
		{807CEB54-AB84-4679-8D70-8F039BE9D62E}.Release|Any CPU.ActiveCfg = Release|Any CPU
		{807CEB54-AB84-4679-8D70-8F039BE9D62E}.Release|Any CPU.Build.0 = Release|Any CPU
		{DAC19A29-1621-4AE2-96CA-2FF56605EEDF}.Debug|Any CPU.ActiveCfg = Debug|Any CPU
		{DAC19A29-1621-4AE2-96CA-2FF56605EEDF}.Debug|Any CPU.Build.0 = Debug|Any CPU
		{DAC19A29-1621-4AE2-96CA-2FF56605EEDF}.Release|Any CPU.ActiveCfg = Release|Any CPU
		{DAC19A29-1621-4AE2-96CA-2FF56605EEDF}.Release|Any CPU.Build.0 = Release|Any CPU
		{C9AB2800-E66F-4DA2-B33F-242A57EBF3F2}.Debug|Any CPU.ActiveCfg = Debug|Any CPU
		{C9AB2800-E66F-4DA2-B33F-242A57EBF3F2}.Debug|Any CPU.Build.0 = Debug|Any CPU
		{C9AB2800-E66F-4DA2-B33F-242A57EBF3F2}.Release|Any CPU.ActiveCfg = Release|Any CPU
		{C9AB2800-E66F-4DA2-B33F-242A57EBF3F2}.Release|Any CPU.Build.0 = Release|Any CPU
		{FB9D2032-201C-4346-BF89-4700682FB93A}.Debug|Any CPU.ActiveCfg = Debug|Any CPU
		{FB9D2032-201C-4346-BF89-4700682FB93A}.Debug|Any CPU.Build.0 = Debug|Any CPU
		{FB9D2032-201C-4346-BF89-4700682FB93A}.Release|Any CPU.ActiveCfg = Release|Any CPU
		{FB9D2032-201C-4346-BF89-4700682FB93A}.Release|Any CPU.Build.0 = Release|Any CPU
		{A535DEC0-28EC-419F-8546-D8C00ED7869D}.Debug|Any CPU.ActiveCfg = Debug|Any CPU
		{A535DEC0-28EC-419F-8546-D8C00ED7869D}.Debug|Any CPU.Build.0 = Debug|Any CPU
		{A535DEC0-28EC-419F-8546-D8C00ED7869D}.Release|Any CPU.ActiveCfg = Release|Any CPU
		{A535DEC0-28EC-419F-8546-D8C00ED7869D}.Release|Any CPU.Build.0 = Release|Any CPU
		{B240294C-812C-4D66-9DE6-22575C21E701}.Debug|Any CPU.ActiveCfg = Debug|Any CPU
		{B240294C-812C-4D66-9DE6-22575C21E701}.Debug|Any CPU.Build.0 = Debug|Any CPU
		{B240294C-812C-4D66-9DE6-22575C21E701}.Release|Any CPU.ActiveCfg = Release|Any CPU
		{B240294C-812C-4D66-9DE6-22575C21E701}.Release|Any CPU.Build.0 = Release|Any CPU
		{EA8C516C-FDEB-45BE-9BA0-1DA957A7578F}.Debug|Any CPU.ActiveCfg = Debug|Any CPU
		{EA8C516C-FDEB-45BE-9BA0-1DA957A7578F}.Debug|Any CPU.Build.0 = Debug|Any CPU
		{EA8C516C-FDEB-45BE-9BA0-1DA957A7578F}.Release|Any CPU.ActiveCfg = Release|Any CPU
		{EA8C516C-FDEB-45BE-9BA0-1DA957A7578F}.Release|Any CPU.Build.0 = Release|Any CPU
		{31572931-77B8-4E2C-8BF1-C0C1EB80A359}.Debug|Any CPU.ActiveCfg = Debug|Any CPU
		{31572931-77B8-4E2C-8BF1-C0C1EB80A359}.Debug|Any CPU.Build.0 = Debug|Any CPU
		{31572931-77B8-4E2C-8BF1-C0C1EB80A359}.Release|Any CPU.ActiveCfg = Release|Any CPU
		{31572931-77B8-4E2C-8BF1-C0C1EB80A359}.Release|Any CPU.Build.0 = Release|Any CPU
		{BB1CBE9A-0A47-450A-954F-D6A51317B429}.Debug|Any CPU.ActiveCfg = Debug|Any CPU
		{BB1CBE9A-0A47-450A-954F-D6A51317B429}.Debug|Any CPU.Build.0 = Debug|Any CPU
		{BB1CBE9A-0A47-450A-954F-D6A51317B429}.Release|Any CPU.ActiveCfg = Release|Any CPU
		{BB1CBE9A-0A47-450A-954F-D6A51317B429}.Release|Any CPU.Build.0 = Release|Any CPU
	EndGlobalSection
	GlobalSection(SolutionProperties) = preSolution
		HideSolutionNode = FALSE
	EndGlobalSection
	GlobalSection(NestedProjects) = preSolution
		{D59937C1-C510-43C8-962A-5609E683A176} = {2BD4CE6E-78D9-4D60-9A92-C4EB792FEC5D}
		{FE254FD6-5DB9-43C4-90CA-4ED9B4F9C3EB} = {1CBA1995-F9A6-4BB7-9F38-ABB384107BD1}
		{ADEB7FDC-03F9-4E39-B80B-8440AE1A8587} = {FE254FD6-5DB9-43C4-90CA-4ED9B4F9C3EB}
		{55C29572-1D11-4367-A085-892E70381E35} = {FE254FD6-5DB9-43C4-90CA-4ED9B4F9C3EB}
		{A5A9BED4-8404-4321-B441-57CDA187FC39} = {FE254FD6-5DB9-43C4-90CA-4ED9B4F9C3EB}
		{3FDA85E0-1362-4223-A8E6-519EE749812F} = {FE254FD6-5DB9-43C4-90CA-4ED9B4F9C3EB}
		{08953BBC-5027-4605-BEA7-B49123AF09E1} = {ED4E366D-187B-4056-A7CB-1F02370C4A2A}
		{F0D59C23-77E5-4023-9454-D7FE03F9428F} = {ED4E366D-187B-4056-A7CB-1F02370C4A2A}
		{EF4E2E26-8BD5-4529-A273-EBE44B5ABB5D} = {ED4E366D-187B-4056-A7CB-1F02370C4A2A}
		{807CEB54-AB84-4679-8D70-8F039BE9D62E} = {F0D59C23-77E5-4023-9454-D7FE03F9428F}
		{DAC19A29-1621-4AE2-96CA-2FF56605EEDF} = {F0D59C23-77E5-4023-9454-D7FE03F9428F}
		{C9AB2800-E66F-4DA2-B33F-242A57EBF3F2} = {F0D59C23-77E5-4023-9454-D7FE03F9428F}
		{FB9D2032-201C-4346-BF89-4700682FB93A} = {EF4E2E26-8BD5-4529-A273-EBE44B5ABB5D}
		{A535DEC0-28EC-419F-8546-D8C00ED7869D} = {EF4E2E26-8BD5-4529-A273-EBE44B5ABB5D}
		{B240294C-812C-4D66-9DE6-22575C21E701} = {EF4E2E26-8BD5-4529-A273-EBE44B5ABB5D}
		{EA8C516C-FDEB-45BE-9BA0-1DA957A7578F} = {08953BBC-5027-4605-BEA7-B49123AF09E1}
		{31572931-77B8-4E2C-8BF1-C0C1EB80A359} = {08953BBC-5027-4605-BEA7-B49123AF09E1}
		{BB1CBE9A-0A47-450A-954F-D6A51317B429} = {2BD4CE6E-78D9-4D60-9A92-C4EB792FEC5D}
	EndGlobalSection
	GlobalSection(ExtensibilityGlobals) = postSolution
		SolutionGuid = {90B969E5-70F4-434C-9F48-1B626DDA3B70}
	EndGlobalSection
EndGlobal
